
Microsoft Visual Studio Solution File, Format Version 12.00
# Visual Studio Version 17
VisualStudioVersion = 17.12.35521.163
MinimumVisualStudioVersion = 10.0.40219.1
Project("{FAE04EC0-301F-11D3-BF4B-00C04F79EFBC}") = "CSharpCore", "CSharpCore\CSharpCore.csproj", "{8813D801-6D84-4DB9-AD99-64E1D4CD1B02}"
EndProject
Project("{FAE04EC0-301F-11D3-BF4B-00C04F79EFBC}") = "DateTime", "DateTime\DateTime.csproj", "{F97DEF13-FAD6-428E-B0E4-DBD6B97CFC81}"
EndProject
Project("{FAE04EC0-301F-11D3-BF4B-00C04F79EFBC}") = "String", "String\String.csproj", "{2CC16F75-807C-4ACA-A2C2-73255406FE9E}"
EndProject
Project("{FAE04EC0-301F-11D3-BF4B-00C04F79EFBC}") = "Dictionary", "Dictionary\Dictionary.csproj", "{E2C8E21B-59C6-4DB9-82B5-154ECF70F396}"
EndProject
Project("{FAE04EC0-301F-11D3-BF4B-00C04F79EFBC}") = "HashSet", "HashSet\HashSet.csproj", "{AADE2267-C42F-4D12-BDC5-9F282C09AC39}"
EndProject
Project("{FAE04EC0-301F-11D3-BF4B-00C04F79EFBC}") = "Stack", "Stack\Stack.csproj", "{74EFC45A-489E-41D4-BCE0-81D899D643D2}"
EndProject
Project("{FAE04EC0-301F-11D3-BF4B-00C04F79EFBC}") = "Queue", "Queue\Queue.csproj", "{E146CEB7-5ABB-4F98-8C45-DE434D333165}"
EndProject
Project("{FAE04EC0-301F-11D3-BF4B-00C04F79EFBC}") = "LinkedList", "LinkedList\LinkedList.csproj", "{259824B5-0C02-4E3A-A1A4-D52099B3A245}"
EndProject
Project("{FAE04EC0-301F-11D3-BF4B-00C04F79EFBC}") = "OopFirstClassAndMethodToString", "Oop\OopFirstClassAndMethodToString.csproj", "{191A75A6-09D8-4C3A-8343-E5E85E020B09}"
EndProject
Project("{FAE04EC0-301F-11D3-BF4B-00C04F79EFBC}") = "OopConstructorsAndDestructors", "ConstructorsAndDestructors\OopConstructorsAndDestructors.csproj", "{4D15E014-3145-4A5D-B47B-333F8428198D}"
EndProject
Project("{FAE04EC0-301F-11D3-BF4B-00C04F79EFBC}") = "OopClassPersonStudentAndTeacher", "OopClassPersonStudentAndTeacher\OopClassPersonStudentAndTeacher.csproj", "{D1DCBD13-AABF-4268-8B71-937FA2537433}"
EndProject
Project("{FAE04EC0-301F-11D3-BF4B-00C04F79EFBC}") = "OopPhotoBookClass", "OopPhotoBookClass\OopPhotoBookClass.csproj", "{480C7B41-4AD1-4F88-AE30-05AE47A890DD}"
EndProject
Project("{FAE04EC0-301F-11D3-BF4B-00C04F79EFBC}") = "OopSealedTest", "OopSealedTest\OopSealedTest.csproj", "{C0399053-B3FB-49FF-8366-98960B8A506E}"
EndProject
Project("{FAE04EC0-301F-11D3-BF4B-00C04F79EFBC}") = "Generics", "Generics\Generics.csproj", "{555FF666-344E-411A-B5C3-FE803E2D7952}"
EndProject
Project("{FAE04EC0-301F-11D3-BF4B-00C04F79EFBC}") = "Exam", "Exam\Exam.csproj", "{E166B770-6FFD-4128-9318-8EF244E3FDFD}"
EndProject
Project("{FAE04EC0-301F-11D3-BF4B-00C04F79EFBC}") = "LinqPractice", "LinqPractice\LinqPractice.csproj", "{382662B9-4AC8-4754-B54F-EDB3FCB28128}"
EndProject
Project("{FAE04EC0-301F-11D3-BF4B-00C04F79EFBC}") = "OopPractice", "OopPractice\OopPractice.csproj", "{0EAEB054-9317-4055-93C7-BFF4B7DC3AAF}"
EndProject
Global
	GlobalSection(SolutionConfigurationPlatforms) = preSolution
		Debug|Any CPU = Debug|Any CPU
		Release|Any CPU = Release|Any CPU
	EndGlobalSection
	GlobalSection(ProjectConfigurationPlatforms) = postSolution
		{8813D801-6D84-4DB9-AD99-64E1D4CD1B02}.Debug|Any CPU.ActiveCfg = Debug|Any CPU
		{8813D801-6D84-4DB9-AD99-64E1D4CD1B02}.Debug|Any CPU.Build.0 = Debug|Any CPU
		{8813D801-6D84-4DB9-AD99-64E1D4CD1B02}.Release|Any CPU.ActiveCfg = Release|Any CPU
		{8813D801-6D84-4DB9-AD99-64E1D4CD1B02}.Release|Any CPU.Build.0 = Release|Any CPU
		{F97DEF13-FAD6-428E-B0E4-DBD6B97CFC81}.Debug|Any CPU.ActiveCfg = Debug|Any CPU
		{F97DEF13-FAD6-428E-B0E4-DBD6B97CFC81}.Debug|Any CPU.Build.0 = Debug|Any CPU
		{F97DEF13-FAD6-428E-B0E4-DBD6B97CFC81}.Release|Any CPU.ActiveCfg = Release|Any CPU
		{F97DEF13-FAD6-428E-B0E4-DBD6B97CFC81}.Release|Any CPU.Build.0 = Release|Any CPU
		{2CC16F75-807C-4ACA-A2C2-73255406FE9E}.Debug|Any CPU.ActiveCfg = Debug|Any CPU
		{2CC16F75-807C-4ACA-A2C2-73255406FE9E}.Debug|Any CPU.Build.0 = Debug|Any CPU
		{2CC16F75-807C-4ACA-A2C2-73255406FE9E}.Release|Any CPU.ActiveCfg = Release|Any CPU
		{2CC16F75-807C-4ACA-A2C2-73255406FE9E}.Release|Any CPU.Build.0 = Release|Any CPU
		{E2C8E21B-59C6-4DB9-82B5-154ECF70F396}.Debug|Any CPU.ActiveCfg = Debug|Any CPU
		{E2C8E21B-59C6-4DB9-82B5-154ECF70F396}.Debug|Any CPU.Build.0 = Debug|Any CPU
		{E2C8E21B-59C6-4DB9-82B5-154ECF70F396}.Release|Any CPU.ActiveCfg = Release|Any CPU
		{E2C8E21B-59C6-4DB9-82B5-154ECF70F396}.Release|Any CPU.Build.0 = Release|Any CPU
		{AADE2267-C42F-4D12-BDC5-9F282C09AC39}.Debug|Any CPU.ActiveCfg = Debug|Any CPU
		{AADE2267-C42F-4D12-BDC5-9F282C09AC39}.Debug|Any CPU.Build.0 = Debug|Any CPU
		{AADE2267-C42F-4D12-BDC5-9F282C09AC39}.Release|Any CPU.ActiveCfg = Release|Any CPU
		{AADE2267-C42F-4D12-BDC5-9F282C09AC39}.Release|Any CPU.Build.0 = Release|Any CPU
		{74EFC45A-489E-41D4-BCE0-81D899D643D2}.Debug|Any CPU.ActiveCfg = Debug|Any CPU
		{74EFC45A-489E-41D4-BCE0-81D899D643D2}.Debug|Any CPU.Build.0 = Debug|Any CPU
		{74EFC45A-489E-41D4-BCE0-81D899D643D2}.Release|Any CPU.ActiveCfg = Release|Any CPU
		{74EFC45A-489E-41D4-BCE0-81D899D643D2}.Release|Any CPU.Build.0 = Release|Any CPU
		{E146CEB7-5ABB-4F98-8C45-DE434D333165}.Debug|Any CPU.ActiveCfg = Debug|Any CPU
		{E146CEB7-5ABB-4F98-8C45-DE434D333165}.Debug|Any CPU.Build.0 = Debug|Any CPU
		{E146CEB7-5ABB-4F98-8C45-DE434D333165}.Release|Any CPU.ActiveCfg = Release|Any CPU
		{E146CEB7-5ABB-4F98-8C45-DE434D333165}.Release|Any CPU.Build.0 = Release|Any CPU
		{259824B5-0C02-4E3A-A1A4-D52099B3A245}.Debug|Any CPU.ActiveCfg = Debug|Any CPU
		{259824B5-0C02-4E3A-A1A4-D52099B3A245}.Debug|Any CPU.Build.0 = Debug|Any CPU
		{259824B5-0C02-4E3A-A1A4-D52099B3A245}.Release|Any CPU.ActiveCfg = Release|Any CPU
		{259824B5-0C02-4E3A-A1A4-D52099B3A245}.Release|Any CPU.Build.0 = Release|Any CPU
		{191A75A6-09D8-4C3A-8343-E5E85E020B09}.Debug|Any CPU.ActiveCfg = Debug|Any CPU
		{191A75A6-09D8-4C3A-8343-E5E85E020B09}.Debug|Any CPU.Build.0 = Debug|Any CPU
		{191A75A6-09D8-4C3A-8343-E5E85E020B09}.Release|Any CPU.ActiveCfg = Release|Any CPU
		{191A75A6-09D8-4C3A-8343-E5E85E020B09}.Release|Any CPU.Build.0 = Release|Any CPU
		{4D15E014-3145-4A5D-B47B-333F8428198D}.Debug|Any CPU.ActiveCfg = Debug|Any CPU
		{4D15E014-3145-4A5D-B47B-333F8428198D}.Debug|Any CPU.Build.0 = Debug|Any CPU
		{4D15E014-3145-4A5D-B47B-333F8428198D}.Release|Any CPU.ActiveCfg = Release|Any CPU
		{4D15E014-3145-4A5D-B47B-333F8428198D}.Release|Any CPU.Build.0 = Release|Any CPU
		{D1DCBD13-AABF-4268-8B71-937FA2537433}.Debug|Any CPU.ActiveCfg = Debug|Any CPU
		{D1DCBD13-AABF-4268-8B71-937FA2537433}.Debug|Any CPU.Build.0 = Debug|Any CPU
		{D1DCBD13-AABF-4268-8B71-937FA2537433}.Release|Any CPU.ActiveCfg = Release|Any CPU
		{D1DCBD13-AABF-4268-8B71-937FA2537433}.Release|Any CPU.Build.0 = Release|Any CPU
		{480C7B41-4AD1-4F88-AE30-05AE47A890DD}.Debug|Any CPU.ActiveCfg = Debug|Any CPU
		{480C7B41-4AD1-4F88-AE30-05AE47A890DD}.Debug|Any CPU.Build.0 = Debug|Any CPU
		{480C7B41-4AD1-4F88-AE30-05AE47A890DD}.Release|Any CPU.ActiveCfg = Release|Any CPU
		{480C7B41-4AD1-4F88-AE30-05AE47A890DD}.Release|Any CPU.Build.0 = Release|Any CPU
		{C0399053-B3FB-49FF-8366-98960B8A506E}.Debug|Any CPU.ActiveCfg = Debug|Any CPU
		{C0399053-B3FB-49FF-8366-98960B8A506E}.Debug|Any CPU.Build.0 = Debug|Any CPU
		{C0399053-B3FB-49FF-8366-98960B8A506E}.Release|Any CPU.ActiveCfg = Release|Any CPU
		{C0399053-B3FB-49FF-8366-98960B8A506E}.Release|Any CPU.Build.0 = Release|Any CPU
		{555FF666-344E-411A-B5C3-FE803E2D7952}.Debug|Any CPU.ActiveCfg = Debug|Any CPU
		{555FF666-344E-411A-B5C3-FE803E2D7952}.Debug|Any CPU.Build.0 = Debug|Any CPU
		{555FF666-344E-411A-B5C3-FE803E2D7952}.Release|Any CPU.ActiveCfg = Release|Any CPU
		{555FF666-344E-411A-B5C3-FE803E2D7952}.Release|Any CPU.Build.0 = Release|Any CPU
		{E166B770-6FFD-4128-9318-8EF244E3FDFD}.Debug|Any CPU.ActiveCfg = Debug|Any CPU
		{E166B770-6FFD-4128-9318-8EF244E3FDFD}.Debug|Any CPU.Build.0 = Debug|Any CPU
		{E166B770-6FFD-4128-9318-8EF244E3FDFD}.Release|Any CPU.ActiveCfg = Release|Any CPU
		{E166B770-6FFD-4128-9318-8EF244E3FDFD}.Release|Any CPU.Build.0 = Release|Any CPU
		{382662B9-4AC8-4754-B54F-EDB3FCB28128}.Debug|Any CPU.ActiveCfg = Debug|Any CPU
		{382662B9-4AC8-4754-B54F-EDB3FCB28128}.Debug|Any CPU.Build.0 = Debug|Any CPU
		{382662B9-4AC8-4754-B54F-EDB3FCB28128}.Release|Any CPU.ActiveCfg = Release|Any CPU
		{382662B9-4AC8-4754-B54F-EDB3FCB28128}.Release|Any CPU.Build.0 = Release|Any CPU
		{0EAEB054-9317-4055-93C7-BFF4B7DC3AAF}.Debug|Any CPU.ActiveCfg = Debug|Any CPU
		{0EAEB054-9317-4055-93C7-BFF4B7DC3AAF}.Debug|Any CPU.Build.0 = Debug|Any CPU
		{0EAEB054-9317-4055-93C7-BFF4B7DC3AAF}.Release|Any CPU.ActiveCfg = Release|Any CPU
		{0EAEB054-9317-4055-93C7-BFF4B7DC3AAF}.Release|Any CPU.Build.0 = Release|Any CPU
	EndGlobalSection
	GlobalSection(SolutionProperties) = preSolution
		HideSolutionNode = FALSE
	EndGlobalSection
EndGlobal
